
Microsoft Visual Studio Solution File, Format Version 12.00
# Visual Studio Version 17
VisualStudioVersion = 17.8.34511.84
MinimumVisualStudioVersion = 10.0.40219.1
Project("{FAE04EC0-301F-11D3-BF4B-00C04F79EFBC}") = "SampleAPIApp", "SampleAPIApp.csproj", "{D14F1719-CB21-4C2D-9413-C29E6519BD75}"
EndProject
Global
	GlobalSection(SolutionConfigurationPlatforms) = preSolution
		Debug|Any CPU = Debug|Any CPU
		Release|Any CPU = Release|Any CPU
	EndGlobalSection
	GlobalSection(ProjectConfigurationPlatforms) = postSolution
		{D14F1719-CB21-4C2D-9413-C29E6519BD75}.Debug|Any CPU.ActiveCfg = Debug|Any CPU
		{D14F1719-CB21-4C2D-9413-C29E6519BD75}.Debug|Any CPU.Build.0 = Debug|Any CPU
		{D14F1719-CB21-4C2D-9413-C29E6519BD75}.Release|Any CPU.ActiveCfg = Release|Any CPU
		{D14F1719-CB21-4C2D-9413-C29E6519BD75}.Release|Any CPU.Build.0 = Release|Any CPU
	EndGlobalSection
	GlobalSection(SolutionProperties) = preSolution
		HideSolutionNode = FALSE
	EndGlobalSection
	GlobalSection(ExtensibilityGlobals) = postSolution
		SolutionGuid = {01F713A4-7294-4CF5-8F43-55FA6A01048D}
	EndGlobalSection
EndGlobal
